// !$*UTF8*$!
{
	archiveVersion = 1;
	classes = {
	};
	objectVersion = 46;
	objects = {

/* Begin PBXBuildFile section */
		7D2338471E9298050081FA02 /* IMControlCameraCollectionViewCell.m in Sources */ = {isa = PBXBuildFile; fileRef = 7D2338461E9298050081FA02 /* IMControlCameraCollectionViewCell.m */; };
		7D23384A1E9298CE0081FA02 /* IMControlPhotoLibraryCollectionViewCell.m in Sources */ = {isa = PBXBuildFile; fileRef = 7D2338491E9298CE0081FA02 /* IMControlPhotoLibraryCollectionViewCell.m */; };
		7D3225F31E8D428A00BE285A /* main.m in Sources */ = {isa = PBXBuildFile; fileRef = 7D3225F21E8D428A00BE285A /* main.m */; };
		7D3225F61E8D428A00BE285A /* AppDelegate.m in Sources */ = {isa = PBXBuildFile; fileRef = 7D3225F51E8D428A00BE285A /* AppDelegate.m */; };
		7D3225F91E8D428A00BE285A /* IMessageViewController.m in Sources */ = {isa = PBXBuildFile; fileRef = 7D3225F81E8D428A00BE285A /* IMessageViewController.m */; };
		7D3225FC1E8D428A00BE285A /* Main.storyboard in Resources */ = {isa = PBXBuildFile; fileRef = 7D3225FA1E8D428A00BE285A /* Main.storyboard */; };
		7D3225FE1E8D428A00BE285A /* Assets.xcassets in Resources */ = {isa = PBXBuildFile; fileRef = 7D3225FD1E8D428A00BE285A /* Assets.xcassets */; };
		7D3226011E8D428A00BE285A /* LaunchScreen.storyboard in Resources */ = {isa = PBXBuildFile; fileRef = 7D3225FF1E8D428A00BE285A /* LaunchScreen.storyboard */; };
		7DB387761E9CE06000D234FC /* IMessageCollectionView.m in Sources */ = {isa = PBXBuildFile; fileRef = 7DB387751E9CE06000D234FC /* IMessageCollectionView.m */; };
		7DBACB8B1E9509440068BFE3 /* IMImagePickerManager.m in Sources */ = {isa = PBXBuildFile; fileRef = 7DBACB8A1E9509440068BFE3 /* IMImagePickerManager.m */; };
		7DBACB901E9535EB0068BFE3 /* IMCaptureSessionManager.m in Sources */ = {isa = PBXBuildFile; fileRef = 7DBACB8F1E9535EB0068BFE3 /* IMCaptureSessionManager.m */; };
		7DCFB53D1E9639AC001858D0 /* IMPhotoAssetsManager.m in Sources */ = {isa = PBXBuildFile; fileRef = 7DCFB53C1E9639AC001858D0 /* IMPhotoAssetsManager.m */; };
		7DE5AFC51E8E78DF00018489 /* IMControlCollectionViewCell.m in Sources */ = {isa = PBXBuildFile; fileRef = 7DE5AFC41E8E78DF00018489 /* IMControlCollectionViewCell.m */; };
		7DE5AFC81E8E792800018489 /* IMStreamCollectionViewCell.m in Sources */ = {isa = PBXBuildFile; fileRef = 7DE5AFC71E8E792800018489 /* IMStreamCollectionViewCell.m */; };
		7DE5AFCB1E8E793D00018489 /* IMPhotoCollectionViewCell.m in Sources */ = {isa = PBXBuildFile; fileRef = 7DE5AFCA1E8E793D00018489 /* IMPhotoCollectionViewCell.m */; };
/* End PBXBuildFile section */

/* Begin PBXFileReference section */
		7D2338441E9294F10081FA02 /* IMCollectionViewCellProtocol.h */ = {isa = PBXFileReference; fileEncoding = 4; lastKnownFileType = sourcecode.c.h; name = IMCollectionViewCellProtocol.h; path = Cells/IMCollectionViewCellProtocol.h; sourceTree = "<group>"; };
		7D2338451E9298050081FA02 /* IMControlCameraCollectionViewCell.h */ = {isa = PBXFileReference; fileEncoding = 4; lastKnownFileType = sourcecode.c.h; name = IMControlCameraCollectionViewCell.h; path = Cells/IMControlCameraCollectionViewCell.h; sourceTree = "<group>"; };
		7D2338461E9298050081FA02 /* IMControlCameraCollectionViewCell.m */ = {isa = PBXFileReference; fileEncoding = 4; lastKnownFileType = sourcecode.c.objc; name = IMControlCameraCollectionViewCell.m; path = Cells/IMControlCameraCollectionViewCell.m; sourceTree = "<group>"; };
		7D2338481E9298CE0081FA02 /* IMControlPhotoLibraryCollectionViewCell.h */ = {isa = PBXFileReference; fileEncoding = 4; lastKnownFileType = sourcecode.c.h; name = IMControlPhotoLibraryCollectionViewCell.h; path = Cells/IMControlPhotoLibraryCollectionViewCell.h; sourceTree = "<group>"; };
		7D2338491E9298CE0081FA02 /* IMControlPhotoLibraryCollectionViewCell.m */ = {isa = PBXFileReference; fileEncoding = 4; lastKnownFileType = sourcecode.c.objc; name = IMControlPhotoLibraryCollectionViewCell.m; path = Cells/IMControlPhotoLibraryCollectionViewCell.m; sourceTree = "<group>"; };
		7D3225EE1E8D428A00BE285A /* iMessageAttachment.app */ = {isa = PBXFileReference; explicitFileType = wrapper.application; includeInIndex = 0; path = iMessageAttachment.app; sourceTree = BUILT_PRODUCTS_DIR; };
		7D3225F21E8D428A00BE285A /* main.m */ = {isa = PBXFileReference; lastKnownFileType = sourcecode.c.objc; path = main.m; sourceTree = "<group>"; };
		7D3225F41E8D428A00BE285A /* AppDelegate.h */ = {isa = PBXFileReference; lastKnownFileType = sourcecode.c.h; path = AppDelegate.h; sourceTree = "<group>"; };
		7D3225F51E8D428A00BE285A /* AppDelegate.m */ = {isa = PBXFileReference; lastKnownFileType = sourcecode.c.objc; path = AppDelegate.m; sourceTree = "<group>"; };
		7D3225F71E8D428A00BE285A /* IMessageViewController.h */ = {isa = PBXFileReference; lastKnownFileType = sourcecode.c.h; path = IMessageViewController.h; sourceTree = "<group>"; };
		7D3225F81E8D428A00BE285A /* IMessageViewController.m */ = {isa = PBXFileReference; lastKnownFileType = sourcecode.c.objc; path = IMessageViewController.m; sourceTree = "<group>"; };
		7D3225FB1E8D428A00BE285A /* Base */ = {isa = PBXFileReference; lastKnownFileType = file.storyboard; name = Base; path = Base.lproj/Main.storyboard; sourceTree = "<group>"; };
		7D3225FD1E8D428A00BE285A /* Assets.xcassets */ = {isa = PBXFileReference; lastKnownFileType = folder.assetcatalog; path = Assets.xcassets; sourceTree = "<group>"; };
		7D3226001E8D428A00BE285A /* Base */ = {isa = PBXFileReference; lastKnownFileType = file.storyboard; name = Base; path = Base.lproj/LaunchScreen.storyboard; sourceTree = "<group>"; };
		7D3226021E8D428A00BE285A /* Info.plist */ = {isa = PBXFileReference; lastKnownFileType = text.plist.xml; path = Info.plist; sourceTree = "<group>"; };
		7DB387741E9CE06000D234FC /* IMessageCollectionView.h */ = {isa = PBXFileReference; fileEncoding = 4; lastKnownFileType = sourcecode.c.h; path = IMessageCollectionView.h; sourceTree = "<group>"; };
		7DB387751E9CE06000D234FC /* IMessageCollectionView.m */ = {isa = PBXFileReference; fileEncoding = 4; lastKnownFileType = sourcecode.c.objc; path = IMessageCollectionView.m; sourceTree = "<group>"; };
		7DBACB891E9509440068BFE3 /* IMImagePickerManager.h */ = {isa = PBXFileReference; fileEncoding = 4; lastKnownFileType = sourcecode.c.h; path = IMImagePickerManager.h; sourceTree = "<group>"; };
		7DBACB8A1E9509440068BFE3 /* IMImagePickerManager.m */ = {isa = PBXFileReference; fileEncoding = 4; lastKnownFileType = sourcecode.c.objc; path = IMImagePickerManager.m; sourceTree = "<group>"; };
		7DBACB8D1E950BD20068BFE3 /* IMessageViewControllerProtocol.h */ = {isa = PBXFileReference; fileEncoding = 4; lastKnownFileType = sourcecode.c.h; path = IMessageViewControllerProtocol.h; sourceTree = "<group>"; };
		7DBACB8E1E9535EB0068BFE3 /* IMCaptureSessionManager.h */ = {isa = PBXFileReference; fileEncoding = 4; lastKnownFileType = sourcecode.c.h; path = IMCaptureSessionManager.h; sourceTree = "<group>"; };
		7DBACB8F1E9535EB0068BFE3 /* IMCaptureSessionManager.m */ = {isa = PBXFileReference; fileEncoding = 4; lastKnownFileType = sourcecode.c.objc; path = IMCaptureSessionManager.m; sourceTree = "<group>"; };
		7DBACB941E9556420068BFE3 /* IMConstants.h */ = {isa = PBXFileReference; lastKnownFileType = sourcecode.c.h; path = IMConstants.h; sourceTree = "<group>"; };
		7DCFB53B1E9639AC001858D0 /* IMPhotoAssetsManager.h */ = {isa = PBXFileReference; fileEncoding = 4; lastKnownFileType = sourcecode.c.h; path = IMPhotoAssetsManager.h; sourceTree = "<group>"; };
		7DCFB53C1E9639AC001858D0 /* IMPhotoAssetsManager.m */ = {isa = PBXFileReference; fileEncoding = 4; lastKnownFileType = sourcecode.c.objc; path = IMPhotoAssetsManager.m; sourceTree = "<group>"; };
		7DE5AFC31E8E78DF00018489 /* IMControlCollectionViewCell.h */ = {isa = PBXFileReference; fileEncoding = 4; lastKnownFileType = sourcecode.c.h; name = IMControlCollectionViewCell.h; path = Cells/IMControlCollectionViewCell.h; sourceTree = "<group>"; };
		7DE5AFC41E8E78DF00018489 /* IMControlCollectionViewCell.m */ = {isa = PBXFileReference; fileEncoding = 4; lastKnownFileType = sourcecode.c.objc; name = IMControlCollectionViewCell.m; path = Cells/IMControlCollectionViewCell.m; sourceTree = "<group>"; };
		7DE5AFC61E8E792800018489 /* IMStreamCollectionViewCell.h */ = {isa = PBXFileReference; fileEncoding = 4; lastKnownFileType = sourcecode.c.h; name = IMStreamCollectionViewCell.h; path = Cells/IMStreamCollectionViewCell.h; sourceTree = "<group>"; };
		7DE5AFC71E8E792800018489 /* IMStreamCollectionViewCell.m */ = {isa = PBXFileReference; fileEncoding = 4; lastKnownFileType = sourcecode.c.objc; name = IMStreamCollectionViewCell.m; path = Cells/IMStreamCollectionViewCell.m; sourceTree = "<group>"; };
		7DE5AFC91E8E793D00018489 /* IMPhotoCollectionViewCell.h */ = {isa = PBXFileReference; fileEncoding = 4; lastKnownFileType = sourcecode.c.h; name = IMPhotoCollectionViewCell.h; path = Cells/IMPhotoCollectionViewCell.h; sourceTree = "<group>"; };
		7DE5AFCA1E8E793D00018489 /* IMPhotoCollectionViewCell.m */ = {isa = PBXFileReference; fileEncoding = 4; lastKnownFileType = sourcecode.c.objc; name = IMPhotoCollectionViewCell.m; path = Cells/IMPhotoCollectionViewCell.m; sourceTree = "<group>"; };
/* End PBXFileReference section */

/* Begin PBXFrameworksBuildPhase section */
		7D3225EB1E8D428A00BE285A /* Frameworks */ = {
			isa = PBXFrameworksBuildPhase;
			buildActionMask = 2147483647;
			files = (
			);
			runOnlyForDeploymentPostprocessing = 0;
		};
/* End PBXFrameworksBuildPhase section */

/* Begin PBXGroup section */
		7D3225E51E8D428A00BE285A = {
			isa = PBXGroup;
			children = (
				7D3225F01E8D428A00BE285A /* iMessageAttachment */,
				7D3225EF1E8D428A00BE285A /* Products */,
			);
			sourceTree = "<group>";
		};
		7D3225EF1E8D428A00BE285A /* Products */ = {
			isa = PBXGroup;
			children = (
				7D3225EE1E8D428A00BE285A /* iMessageAttachment.app */,
			);
			name = Products;
			sourceTree = "<group>";
		};
		7D3225F01E8D428A00BE285A /* iMessageAttachment */ = {
			isa = PBXGroup;
			children = (
				7D3225F41E8D428A00BE285A /* AppDelegate.h */,
				7D3225F51E8D428A00BE285A /* AppDelegate.m */,
				7DBACB941E9556420068BFE3 /* IMConstants.h */,
				7DE5AFC21E8E78A100018489 /* Cells */,
				7DBACB8D1E950BD20068BFE3 /* IMessageViewControllerProtocol.h */,
				7D3225F71E8D428A00BE285A /* IMessageViewController.h */,
				7D3225F81E8D428A00BE285A /* IMessageViewController.m */,
				7DB387741E9CE06000D234FC /* IMessageCollectionView.h */,
				7DB387751E9CE06000D234FC /* IMessageCollectionView.m */,
				7DBACB8C1E9509490068BFE3 /* Managers */,
				7D3225FA1E8D428A00BE285A /* Main.storyboard */,
				7D3225FD1E8D428A00BE285A /* Assets.xcassets */,
				7D3225FF1E8D428A00BE285A /* LaunchScreen.storyboard */,
				7D3226021E8D428A00BE285A /* Info.plist */,
				7D3225F11E8D428A00BE285A /* Supporting Files */,
			);
			path = iMessageAttachment;
			sourceTree = "<group>";
		};
		7D3225F11E8D428A00BE285A /* Supporting Files */ = {
			isa = PBXGroup;
			children = (
				7D3225F21E8D428A00BE285A /* main.m */,
			);
			name = "Supporting Files";
			sourceTree = "<group>";
		};
		7DBACB8C1E9509490068BFE3 /* Managers */ = {
			isa = PBXGroup;
			children = (
				7DBACB891E9509440068BFE3 /* IMImagePickerManager.h */,
				7DBACB8A1E9509440068BFE3 /* IMImagePickerManager.m */,
				7DBACB8E1E9535EB0068BFE3 /* IMCaptureSessionManager.h */,
				7DBACB8F1E9535EB0068BFE3 /* IMCaptureSessionManager.m */,
				7DCFB53B1E9639AC001858D0 /* IMPhotoAssetsManager.h */,
				7DCFB53C1E9639AC001858D0 /* IMPhotoAssetsManager.m */,
			);
			name = Managers;
			sourceTree = "<group>";
		};
		7DE5AFC21E8E78A100018489 /* Cells */ = {
			isa = PBXGroup;
			children = (
				7D2338441E9294F10081FA02 /* IMCollectionViewCellProtocol.h */,
				7DE5AFC31E8E78DF00018489 /* IMControlCollectionViewCell.h */,
				7DE5AFC41E8E78DF00018489 /* IMControlCollectionViewCell.m */,
				7D2338451E9298050081FA02 /* IMControlCameraCollectionViewCell.h */,
				7D2338461E9298050081FA02 /* IMControlCameraCollectionViewCell.m */,
				7D2338481E9298CE0081FA02 /* IMControlPhotoLibraryCollectionViewCell.h */,
				7D2338491E9298CE0081FA02 /* IMControlPhotoLibraryCollectionViewCell.m */,
				7DE5AFC61E8E792800018489 /* IMStreamCollectionViewCell.h */,
				7DE5AFC71E8E792800018489 /* IMStreamCollectionViewCell.m */,
				7DE5AFC91E8E793D00018489 /* IMPhotoCollectionViewCell.h */,
				7DE5AFCA1E8E793D00018489 /* IMPhotoCollectionViewCell.m */,
			);
			name = Cells;
			sourceTree = "<group>";
		};
/* End PBXGroup section */

/* Begin PBXNativeTarget section */
		7D3225ED1E8D428A00BE285A /* iMessageAttachment */ = {
			isa = PBXNativeTarget;
			buildConfigurationList = 7D3226051E8D428A00BE285A /* Build configuration list for PBXNativeTarget "iMessageAttachment" */;
			buildPhases = (
				7D3225EA1E8D428A00BE285A /* Sources */,
				7D3225EB1E8D428A00BE285A /* Frameworks */,
				7D3225EC1E8D428A00BE285A /* Resources */,
			);
			buildRules = (
			);
			dependencies = (
			);
			name = iMessageAttachment;
			productName = iMessageAttachment;
			productReference = 7D3225EE1E8D428A00BE285A /* iMessageAttachment.app */;
			productType = "com.apple.product-type.application";
		};
/* End PBXNativeTarget section */

/* Begin PBXProject section */
		7D3225E61E8D428A00BE285A /* Project object */ = {
			isa = PBXProject;
			attributes = {
				LastUpgradeCheck = 0830;
				ORGANIZATIONNAME = HealthJoy;
				TargetAttributes = {
					7D3225ED1E8D428A00BE285A = {
						CreatedOnToolsVersion = 8.3;
						DevelopmentTeam = 6C8AM2MM69;
						ProvisioningStyle = Automatic;
					};
				};
			};
			buildConfigurationList = 7D3225E91E8D428A00BE285A /* Build configuration list for PBXProject "iMessageAttachment" */;
			compatibilityVersion = "Xcode 3.2";
			developmentRegion = English;
			hasScannedForEncodings = 0;
			knownRegions = (
				en,
				Base,
			);
			mainGroup = 7D3225E51E8D428A00BE285A;
			productRefGroup = 7D3225EF1E8D428A00BE285A /* Products */;
			projectDirPath = "";
			projectRoot = "";
			targets = (
				7D3225ED1E8D428A00BE285A /* iMessageAttachment */,
			);
		};
/* End PBXProject section */

/* Begin PBXResourcesBuildPhase section */
		7D3225EC1E8D428A00BE285A /* Resources */ = {
			isa = PBXResourcesBuildPhase;
			buildActionMask = 2147483647;
			files = (
				7D3226011E8D428A00BE285A /* LaunchScreen.storyboard in Resources */,
				7D3225FE1E8D428A00BE285A /* Assets.xcassets in Resources */,
				7D3225FC1E8D428A00BE285A /* Main.storyboard in Resources */,
			);
			runOnlyForDeploymentPostprocessing = 0;
		};
/* End PBXResourcesBuildPhase section */

/* Begin PBXSourcesBuildPhase section */
		7D3225EA1E8D428A00BE285A /* Sources */ = {
			isa = PBXSourcesBuildPhase;
			buildActionMask = 2147483647;
			files = (
				7D3225F91E8D428A00BE285A /* IMessageViewController.m in Sources */,
				7DBACB901E9535EB0068BFE3 /* IMCaptureSessionManager.m in Sources */,
				7D23384A1E9298CE0081FA02 /* IMControlPhotoLibraryCollectionViewCell.m in Sources */,
				7DBACB8B1E9509440068BFE3 /* IMImagePickerManager.m in Sources */,
				7D3225F61E8D428A00BE285A /* AppDelegate.m in Sources */,
				7DE5AFC81E8E792800018489 /* IMStreamCollectionViewCell.m in Sources */,
				7DE5AFCB1E8E793D00018489 /* IMPhotoCollectionViewCell.m in Sources */,
				7DCFB53D1E9639AC001858D0 /* IMPhotoAssetsManager.m in Sources */,
				7DB387761E9CE06000D234FC /* IMessageCollectionView.m in Sources */,
				7D2338471E9298050081FA02 /* IMControlCameraCollectionViewCell.m in Sources */,
				7DE5AFC51E8E78DF00018489 /* IMControlCollectionViewCell.m in Sources */,
				7D3225F31E8D428A00BE285A /* main.m in Sources */,
			);
			runOnlyForDeploymentPostprocessing = 0;
		};
/* End PBXSourcesBuildPhase section */

/* Begin PBXVariantGroup section */
		7D3225FA1E8D428A00BE285A /* Main.storyboard */ = {
			isa = PBXVariantGroup;
			children = (
				7D3225FB1E8D428A00BE285A /* Base */,
			);
			name = Main.storyboard;
			sourceTree = "<group>";
		};
		7D3225FF1E8D428A00BE285A /* LaunchScreen.storyboard */ = {
			isa = PBXVariantGroup;
			children = (
				7D3226001E8D428A00BE285A /* Base */,
			);
			name = LaunchScreen.storyboard;
			sourceTree = "<group>";
		};
/* End PBXVariantGroup section */

/* Begin XCBuildConfiguration section */
		7D3226031E8D428A00BE285A /* Debug */ = {
			isa = XCBuildConfiguration;
			buildSettings = {
				ALWAYS_SEARCH_USER_PATHS = NO;
				CLANG_ANALYZER_NONNULL = YES;
				CLANG_ANALYZER_NUMBER_OBJECT_CONVERSION = YES_AGGRESSIVE;
				CLANG_CXX_LANGUAGE_STANDARD = "gnu++0x";
				CLANG_CXX_LIBRARY = "libc++";
				CLANG_ENABLE_MODULES = YES;
				CLANG_ENABLE_OBJC_ARC = YES;
				CLANG_WARN_BOOL_CONVERSION = YES;
				CLANG_WARN_CONSTANT_CONVERSION = YES;
				CLANG_WARN_DIRECT_OBJC_ISA_USAGE = YES_ERROR;
				CLANG_WARN_DOCUMENTATION_COMMENTS = YES;
				CLANG_WARN_EMPTY_BODY = YES;
				CLANG_WARN_ENUM_CONVERSION = YES;
				CLANG_WARN_INFINITE_RECURSION = YES;
				CLANG_WARN_INT_CONVERSION = YES;
				CLANG_WARN_OBJC_ROOT_CLASS = YES_ERROR;
				CLANG_WARN_SUSPICIOUS_MOVE = YES;
				CLANG_WARN_UNREACHABLE_CODE = YES;
				CLANG_WARN__DUPLICATE_METHOD_MATCH = YES;
				"CODE_SIGN_IDENTITY[sdk=iphoneos*]" = "iPhone Developer";
				COPY_PHASE_STRIP = NO;
				DEBUG_INFORMATION_FORMAT = dwarf;
				ENABLE_STRICT_OBJC_MSGSEND = YES;
				ENABLE_TESTABILITY = YES;
				GCC_C_LANGUAGE_STANDARD = gnu99;
				GCC_DYNAMIC_NO_PIC = NO;
				GCC_NO_COMMON_BLOCKS = YES;
				GCC_OPTIMIZATION_LEVEL = 0;
				GCC_PREPROCESSOR_DEFINITIONS = (
					"DEBUG=1",
					"$(inherited)",
				);
				GCC_WARN_64_TO_32_BIT_CONVERSION = YES;
				GCC_WARN_ABOUT_RETURN_TYPE = YES_ERROR;
				GCC_WARN_UNDECLARED_SELECTOR = YES;
				GCC_WARN_UNINITIALIZED_AUTOS = YES_AGGRESSIVE;
				GCC_WARN_UNUSED_FUNCTION = YES;
				GCC_WARN_UNUSED_VARIABLE = YES;
				IPHONEOS_DEPLOYMENT_TARGET = 8.0;
				MTL_ENABLE_DEBUG_INFO = YES;
				ONLY_ACTIVE_ARCH = YES;
				SDKROOT = iphoneos;
				TARGETED_DEVICE_FAMILY = "1,2";
			};
			name = Debug;
		};
		7D3226041E8D428A00BE285A /* Release */ = {
			isa = XCBuildConfiguration;
			buildSettings = {
				ALWAYS_SEARCH_USER_PATHS = NO;
				CLANG_ANALYZER_NONNULL = YES;
				CLANG_ANALYZER_NUMBER_OBJECT_CONVERSION = YES_AGGRESSIVE;
				CLANG_CXX_LANGUAGE_STANDARD = "gnu++0x";
				CLANG_CXX_LIBRARY = "libc++";
				CLANG_ENABLE_MODULES = YES;
				CLANG_ENABLE_OBJC_ARC = YES;
				CLANG_WARN_BOOL_CONVERSION = YES;
				CLANG_WARN_CONSTANT_CONVERSION = YES;
				CLANG_WARN_DIRECT_OBJC_ISA_USAGE = YES_ERROR;
				CLANG_WARN_DOCUMENTATION_COMMENTS = YES;
				CLANG_WARN_EMPTY_BODY = YES;
				CLANG_WARN_ENUM_CONVERSION = YES;
				CLANG_WARN_INFINITE_RECURSION = YES;
				CLANG_WARN_INT_CONVERSION = YES;
				CLANG_WARN_OBJC_ROOT_CLASS = YES_ERROR;
				CLANG_WARN_SUSPICIOUS_MOVE = YES;
				CLANG_WARN_UNREACHABLE_CODE = YES;
				CLANG_WARN__DUPLICATE_METHOD_MATCH = YES;
				"CODE_SIGN_IDENTITY[sdk=iphoneos*]" = "iPhone Developer";
				COPY_PHASE_STRIP = NO;
				DEBUG_INFORMATION_FORMAT = "dwarf-with-dsym";
				ENABLE_NS_ASSERTIONS = NO;
				ENABLE_STRICT_OBJC_MSGSEND = YES;
				GCC_C_LANGUAGE_STANDARD = gnu99;
				GCC_NO_COMMON_BLOCKS = YES;
				GCC_WARN_64_TO_32_BIT_CONVERSION = YES;
				GCC_WARN_ABOUT_RETURN_TYPE = YES_ERROR;
				GCC_WARN_UNDECLARED_SELECTOR = YES;
				GCC_WARN_UNINITIALIZED_AUTOS = YES_AGGRESSIVE;
				GCC_WARN_UNUSED_FUNCTION = YES;
				GCC_WARN_UNUSED_VARIABLE = YES;
				IPHONEOS_DEPLOYMENT_TARGET = 8.0;
				MTL_ENABLE_DEBUG_INFO = NO;
				SDKROOT = iphoneos;
				TARGETED_DEVICE_FAMILY = "1,2";
				VALIDATE_PRODUCT = YES;
			};
			name = Release;
		};
		7D3226061E8D428A00BE285A /* Debug */ = {
			isa = XCBuildConfiguration;
			buildSettings = {
				ASSETCATALOG_COMPILER_APPICON_NAME = AppIcon;
				DEVELOPMENT_TEAM = 6C8AM2MM69;
				GCC_PREFIX_HEADER = "";
				INFOPLIST_FILE = iMessageAttachment/Info.plist;
				LD_RUNPATH_SEARCH_PATHS = "$(inherited) @executable_path/Frameworks";
				PRODUCT_BUNDLE_IDENTIFIER = com.healthjoy.employees.iMessageAttachment;
				PRODUCT_NAME = "$(TARGET_NAME)";
			};
			name = Debug;
		};
		7D3226071E8D428A00BE285A /* Release */ = {
			isa = XCBuildConfiguration;
			buildSettings = {
				ASSETCATALOG_COMPILER_APPICON_NAME = AppIcon;
				DEVELOPMENT_TEAM = 6C8AM2MM69;
				GCC_PREFIX_HEADER = "";
				INFOPLIST_FILE = iMessageAttachment/Info.plist;
				LD_RUNPATH_SEARCH_PATHS = "$(inherited) @executable_path/Frameworks";
				PRODUCT_BUNDLE_IDENTIFIER = com.healthjoy.employees.iMessageAttachment;
				PRODUCT_NAME = "$(TARGET_NAME)";
			};
			name = Release;
		};
/* End XCBuildConfiguration section */

/* Begin XCConfigurationList section */
		7D3225E91E8D428A00BE285A /* Build configuration list for PBXProject "iMessageAttachment" */ = {
			isa = XCConfigurationList;
			buildConfigurations = (
				7D3226031E8D428A00BE285A /* Debug */,
				7D3226041E8D428A00BE285A /* Release */,
			);
			defaultConfigurationIsVisible = 0;
			defaultConfigurationName = Release;
		};
		7D3226051E8D428A00BE285A /* Build configuration list for PBXNativeTarget "iMessageAttachment" */ = {
			isa = XCConfigurationList;
			buildConfigurations = (
				7D3226061E8D428A00BE285A /* Debug */,
				7D3226071E8D428A00BE285A /* Release */,
			);
			defaultConfigurationIsVisible = 0;
			defaultConfigurationName = Release;
		};
/* End XCConfigurationList section */
	};
	rootObject = 7D3225E61E8D428A00BE285A /* Project object */;
}
